// !$*UTF8*$!
{
	archiveVersion = 1;
	classes = {
	};
	objectVersion = 56;
	objects = {

/* Begin PBXBuildFile section */
		BD0F47DF2C887B6300E74124 /* AppetizerListViewModel.swift in Sources */ = {isa = PBXBuildFile; fileRef = BD0F47DE2C887B6300E74124 /* AppetizerListViewModel.swift */; };
		BD0F47E12C887CD400E74124 /* Alert.swift in Sources */ = {isa = PBXBuildFile; fileRef = BD0F47E02C887CD400E74124 /* Alert.swift */; };
		BD0F47E32C88824400E74124 /* LoadingView.swift in Sources */ = {isa = PBXBuildFile; fileRef = BD0F47E22C88824400E74124 /* LoadingView.swift */; };
		BD552BF32C8735BB00B4A480 /* AppetizerListCell.swift in Sources */ = {isa = PBXBuildFile; fileRef = BD552BF22C8735BB00B4A480 /* AppetizerListCell.swift */; };
		BD552BF52C87368B00B4A480 /* NetworkManager.swift in Sources */ = {isa = PBXBuildFile; fileRef = BD552BF42C87368A00B4A480 /* NetworkManager.swift */; };
		BD552BF72C87379500B4A480 /* APError.swift in Sources */ = {isa = PBXBuildFile; fileRef = BD552BF62C87379500B4A480 /* APError.swift */; };
		BDB803B92C899719006A1C5D /* RemoteImage.swift in Sources */ = {isa = PBXBuildFile; fileRef = BDB803B82C899719006A1C5D /* RemoteImage.swift */; };
		BDB803C72C89B232006A1C5D /* AppetizerDetailView.swift in Sources */ = {isa = PBXBuildFile; fileRef = BDB803C62C89B232006A1C5D /* AppetizerDetailView.swift */; };
		BDB803CA2C89BD88006A1C5D /* APButton.swift in Sources */ = {isa = PBXBuildFile; fileRef = BDB803C92C89BD88006A1C5D /* APButton.swift */; };
		BDB803CC2C89BEC2006A1C5D /* XDismissBtn.swift in Sources */ = {isa = PBXBuildFile; fileRef = BDB803CB2C89BEC2006A1C5D /* XDismissBtn.swift */; };
		BDEB30602C871A5400A72228 /* AppetizersApp.swift in Sources */ = {isa = PBXBuildFile; fileRef = BDEB305F2C871A5400A72228 /* AppetizersApp.swift */; };
		BDEB30622C871A5400A72228 /* AppetizerTabView.swift in Sources */ = {isa = PBXBuildFile; fileRef = BDEB30612C871A5400A72228 /* AppetizerTabView.swift */; };
		BDEB30642C871A5600A72228 /* Assets.xcassets in Resources */ = {isa = PBXBuildFile; fileRef = BDEB30632C871A5600A72228 /* Assets.xcassets */; };
		BDEB30672C871A5600A72228 /* Preview Assets.xcassets in Resources */ = {isa = PBXBuildFile; fileRef = BDEB30662C871A5600A72228 /* Preview Assets.xcassets */; };
		BDEB306E2C871B6800A72228 /* AppetizerListView.swift in Sources */ = {isa = PBXBuildFile; fileRef = BDEB306D2C871B6800A72228 /* AppetizerListView.swift */; };
		BDEB30702C871B7200A72228 /* AccountView.swift in Sources */ = {isa = PBXBuildFile; fileRef = BDEB306F2C871B7200A72228 /* AccountView.swift */; };
		BDEB30722C871B7900A72228 /* OrderView.swift in Sources */ = {isa = PBXBuildFile; fileRef = BDEB30712C871B7900A72228 /* OrderView.swift */; };
		BDEB30742C872A2F00A72228 /* Appetizer.swift in Sources */ = {isa = PBXBuildFile; fileRef = BDEB30732C872A2F00A72228 /* Appetizer.swift */; };
/* End PBXBuildFile section */

/* Begin PBXFileReference section */
		BD0F47DE2C887B6300E74124 /* AppetizerListViewModel.swift */ = {isa = PBXFileReference; lastKnownFileType = sourcecode.swift; path = AppetizerListViewModel.swift; sourceTree = "<group>"; };
		BD0F47E02C887CD400E74124 /* Alert.swift */ = {isa = PBXFileReference; lastKnownFileType = sourcecode.swift; path = Alert.swift; sourceTree = "<group>"; };
		BD0F47E22C88824400E74124 /* LoadingView.swift */ = {isa = PBXFileReference; lastKnownFileType = sourcecode.swift; path = LoadingView.swift; sourceTree = "<group>"; };
		BD552BF22C8735BB00B4A480 /* AppetizerListCell.swift */ = {isa = PBXFileReference; lastKnownFileType = sourcecode.swift; path = AppetizerListCell.swift; sourceTree = "<group>"; };
		BD552BF42C87368A00B4A480 /* NetworkManager.swift */ = {isa = PBXFileReference; lastKnownFileType = sourcecode.swift; path = NetworkManager.swift; sourceTree = "<group>"; };
		BD552BF62C87379500B4A480 /* APError.swift */ = {isa = PBXFileReference; lastKnownFileType = sourcecode.swift; path = APError.swift; sourceTree = "<group>"; };
		BDB803B82C899719006A1C5D /* RemoteImage.swift */ = {isa = PBXFileReference; lastKnownFileType = sourcecode.swift; path = RemoteImage.swift; sourceTree = "<group>"; };
		BDB803C62C89B232006A1C5D /* AppetizerDetailView.swift */ = {isa = PBXFileReference; lastKnownFileType = sourcecode.swift; path = AppetizerDetailView.swift; sourceTree = "<group>"; };
		BDB803C92C89BD88006A1C5D /* APButton.swift */ = {isa = PBXFileReference; lastKnownFileType = sourcecode.swift; path = APButton.swift; sourceTree = "<group>"; };
		BDB803CB2C89BEC2006A1C5D /* XDismissBtn.swift */ = {isa = PBXFileReference; lastKnownFileType = sourcecode.swift; path = XDismissBtn.swift; sourceTree = "<group>"; };
		BDEB305C2C871A5400A72228 /* Appetizers.app */ = {isa = PBXFileReference; explicitFileType = wrapper.application; includeInIndex = 0; path = Appetizers.app; sourceTree = BUILT_PRODUCTS_DIR; };
		BDEB305F2C871A5400A72228 /* AppetizersApp.swift */ = {isa = PBXFileReference; lastKnownFileType = sourcecode.swift; path = AppetizersApp.swift; sourceTree = "<group>"; };
		BDEB30612C871A5400A72228 /* AppetizerTabView.swift */ = {isa = PBXFileReference; lastKnownFileType = sourcecode.swift; path = AppetizerTabView.swift; sourceTree = "<group>"; };
		BDEB30632C871A5600A72228 /* Assets.xcassets */ = {isa = PBXFileReference; lastKnownFileType = folder.assetcatalog; path = Assets.xcassets; sourceTree = "<group>"; };
		BDEB30662C871A5600A72228 /* Preview Assets.xcassets */ = {isa = PBXFileReference; lastKnownFileType = folder.assetcatalog; path = "Preview Assets.xcassets"; sourceTree = "<group>"; };
		BDEB306D2C871B6800A72228 /* AppetizerListView.swift */ = {isa = PBXFileReference; lastKnownFileType = sourcecode.swift; path = AppetizerListView.swift; sourceTree = "<group>"; };
		BDEB306F2C871B7200A72228 /* AccountView.swift */ = {isa = PBXFileReference; lastKnownFileType = sourcecode.swift; path = AccountView.swift; sourceTree = "<group>"; };
		BDEB30712C871B7900A72228 /* OrderView.swift */ = {isa = PBXFileReference; lastKnownFileType = sourcecode.swift; path = OrderView.swift; sourceTree = "<group>"; };
		BDEB30732C872A2F00A72228 /* Appetizer.swift */ = {isa = PBXFileReference; lastKnownFileType = sourcecode.swift; path = Appetizer.swift; sourceTree = "<group>"; };
/* End PBXFileReference section */

/* Begin PBXFrameworksBuildPhase section */
		BDEB30592C871A5400A72228 /* Frameworks */ = {
			isa = PBXFrameworksBuildPhase;
			buildActionMask = 2147483647;
			files = (
			);
			runOnlyForDeploymentPostprocessing = 0;
		};
/* End PBXFrameworksBuildPhase section */

/* Begin PBXGroup section */
		BDB803BA2C899B4E006A1C5D /* Screens */ = {
			isa = PBXGroup;
			children = (
				BDEB30612C871A5400A72228 /* AppetizerTabView.swift */,
				BDB803BB2C899B58006A1C5D /* AppetizersListView */,
				BDB803BC2C899B66006A1C5D /* AccountView */,
				BDB803BD2C899B82006A1C5D /* OrderView */,
			);
			path = Screens;
			sourceTree = "<group>";
		};
		BDB803BB2C899B58006A1C5D /* AppetizersListView */ = {
			isa = PBXGroup;
			children = (
				BD0F47DE2C887B6300E74124 /* AppetizerListViewModel.swift */,
				BDEB306D2C871B6800A72228 /* AppetizerListView.swift */,
				BDB803C62C89B232006A1C5D /* AppetizerDetailView.swift */,
			);
			path = AppetizersListView;
			sourceTree = "<group>";
		};
		BDB803BC2C899B66006A1C5D /* AccountView */ = {
			isa = PBXGroup;
			children = (
				BDEB306F2C871B7200A72228 /* AccountView.swift */,
			);
			path = AccountView;
			sourceTree = "<group>";
		};
		BDB803BD2C899B82006A1C5D /* OrderView */ = {
			isa = PBXGroup;
			children = (
				BDEB30712C871B7900A72228 /* OrderView.swift */,
			);
			path = OrderView;
			sourceTree = "<group>";
		};
		BDB803BE2C899BC5006A1C5D /* Utilities */ = {
			isa = PBXGroup;
			children = (
				BDB803C02C899BE6006A1C5D /* Alerts */,
				BDB803BF2C899BD4006A1C5D /* Managers */,
			);
			path = Utilities;
			sourceTree = "<group>";
		};
		BDB803BF2C899BD4006A1C5D /* Managers */ = {
			isa = PBXGroup;
			children = (
				BD552BF42C87368A00B4A480 /* NetworkManager.swift */,
			);
			path = Managers;
			sourceTree = "<group>";
		};
		BDB803C02C899BE6006A1C5D /* Alerts */ = {
			isa = PBXGroup;
			children = (
				BD552BF62C87379500B4A480 /* APError.swift */,
				BD0F47E02C887CD400E74124 /* Alert.swift */,
			);
			path = Alerts;
			sourceTree = "<group>";
		};
		BDB803C12C899C11006A1C5D /* Model */ = {
			isa = PBXGroup;
			children = (
				BDEB30732C872A2F00A72228 /* Appetizer.swift */,
			);
			path = Model;
			sourceTree = "<group>";
		};
		BDB803C22C899C42006A1C5D /* Views */ = {
			isa = PBXGroup;
			children = (
				BDB803C82C89BD7F006A1C5D /* Buttons */,
				BDB803C52C899C5F006A1C5D /* Image */,
				BDB803C42C899C58006A1C5D /* Cells */,
				BDB803C32C899C4E006A1C5D /* UIKitComponents */,
			);
			path = Views;
			sourceTree = "<group>";
		};
		BDB803C32C899C4E006A1C5D /* UIKitComponents */ = {
			isa = PBXGroup;
			children = (
				BD0F47E22C88824400E74124 /* LoadingView.swift */,
			);
			path = UIKitComponents;
			sourceTree = "<group>";
		};
		BDB803C42C899C58006A1C5D /* Cells */ = {
			isa = PBXGroup;
			children = (
				BD552BF22C8735BB00B4A480 /* AppetizerListCell.swift */,
			);
			path = Cells;
			sourceTree = "<group>";
		};
		BDB803C52C899C5F006A1C5D /* Image */ = {
			isa = PBXGroup;
			children = (
				BDB803B82C899719006A1C5D /* RemoteImage.swift */,
			);
			path = Image;
			sourceTree = "<group>";
		};
		BDB803C82C89BD7F006A1C5D /* Buttons */ = {
			isa = PBXGroup;
			children = (
				BDB803C92C89BD88006A1C5D /* APButton.swift */,
				BDB803CB2C89BEC2006A1C5D /* XDismissBtn.swift */,
			);
			path = Buttons;
			sourceTree = "<group>";
		};
		BDEB30532C871A5400A72228 = {
			isa = PBXGroup;
			children = (
				BDEB305E2C871A5400A72228 /* Appetizers */,
				BDEB305D2C871A5400A72228 /* Products */,
			);
			sourceTree = "<group>";
		};
		BDEB305D2C871A5400A72228 /* Products */ = {
			isa = PBXGroup;
			children = (
				BDEB305C2C871A5400A72228 /* Appetizers.app */,
			);
			name = Products;
			sourceTree = "<group>";
		};
		BDEB305E2C871A5400A72228 /* Appetizers */ = {
			isa = PBXGroup;
			children = (
				BDB803C12C899C11006A1C5D /* Model */,
				BDB803BE2C899BC5006A1C5D /* Utilities */,
				BDB803C22C899C42006A1C5D /* Views */,
				BDB803BA2C899B4E006A1C5D /* Screens */,
				BDEB305F2C871A5400A72228 /* AppetizersApp.swift */,
				BDEB30632C871A5600A72228 /* Assets.xcassets */,
				BDEB30652C871A5600A72228 /* Preview Content */,
			);
			path = Appetizers;
			sourceTree = "<group>";
		};
		BDEB30652C871A5600A72228 /* Preview Content */ = {
			isa = PBXGroup;
			children = (
				BDEB30662C871A5600A72228 /* Preview Assets.xcassets */,
			);
			path = "Preview Content";
			sourceTree = "<group>";
		};
/* End PBXGroup section */

/* Begin PBXNativeTarget section */
		BDEB305B2C871A5400A72228 /* Appetizers */ = {
			isa = PBXNativeTarget;
			buildConfigurationList = BDEB306A2C871A5600A72228 /* Build configuration list for PBXNativeTarget "Appetizers" */;
			buildPhases = (
				BDEB30582C871A5400A72228 /* Sources */,
				BDEB30592C871A5400A72228 /* Frameworks */,
				BDEB305A2C871A5400A72228 /* Resources */,
			);
			buildRules = (
			);
			dependencies = (
			);
			name = Appetizers;
			productName = Appetizers;
			productReference = BDEB305C2C871A5400A72228 /* Appetizers.app */;
			productType = "com.apple.product-type.application";
		};
/* End PBXNativeTarget section */

/* Begin PBXProject section */
		BDEB30542C871A5400A72228 /* Project object */ = {
			isa = PBXProject;
			attributes = {
				BuildIndependentTargetsInParallel = 1;
				LastSwiftUpdateCheck = 1540;
				LastUpgradeCheck = 1540;
				TargetAttributes = {
					BDEB305B2C871A5400A72228 = {
						CreatedOnToolsVersion = 15.4;
					};
				};
			};
			buildConfigurationList = BDEB30572C871A5400A72228 /* Build configuration list for PBXProject "Appetizers" */;
			compatibilityVersion = "Xcode 14.0";
			developmentRegion = en;
			hasScannedForEncodings = 0;
			knownRegions = (
				en,
				Base,
			);
			mainGroup = BDEB30532C871A5400A72228;
			productRefGroup = BDEB305D2C871A5400A72228 /* Products */;
			projectDirPath = "";
			projectRoot = "";
			targets = (
				BDEB305B2C871A5400A72228 /* Appetizers */,
			);
		};
/* End PBXProject section */

/* Begin PBXResourcesBuildPhase section */
		BDEB305A2C871A5400A72228 /* Resources */ = {
			isa = PBXResourcesBuildPhase;
			buildActionMask = 2147483647;
			files = (
				BDEB30672C871A5600A72228 /* Preview Assets.xcassets in Resources */,
				BDEB30642C871A5600A72228 /* Assets.xcassets in Resources */,
			);
			runOnlyForDeploymentPostprocessing = 0;
		};
/* End PBXResourcesBuildPhase section */

/* Begin PBXSourcesBuildPhase section */
		BDEB30582C871A5400A72228 /* Sources */ = {
			isa = PBXSourcesBuildPhase;
			buildActionMask = 2147483647;
			files = (
				BDEB30742C872A2F00A72228 /* Appetizer.swift in Sources */,
				BD552BF72C87379500B4A480 /* APError.swift in Sources */,
				BD552BF32C8735BB00B4A480 /* AppetizerListCell.swift in Sources */,
				BDB803CA2C89BD88006A1C5D /* APButton.swift in Sources */,
				BDB803CC2C89BEC2006A1C5D /* XDismissBtn.swift in Sources */,
				BD0F47DF2C887B6300E74124 /* AppetizerListViewModel.swift in Sources */,
				BDEB30702C871B7200A72228 /* AccountView.swift in Sources */,
				BD0F47E32C88824400E74124 /* LoadingView.swift in Sources */,
				BDB803B92C899719006A1C5D /* RemoteImage.swift in Sources */,
				BDEB30622C871A5400A72228 /* AppetizerTabView.swift in Sources */,
				BDB803C72C89B232006A1C5D /* AppetizerDetailView.swift in Sources */,
				BD552BF52C87368B00B4A480 /* NetworkManager.swift in Sources */,
				BDEB30602C871A5400A72228 /* AppetizersApp.swift in Sources */,
				BD0F47E12C887CD400E74124 /* Alert.swift in Sources */,
				BDEB306E2C871B6800A72228 /* AppetizerListView.swift in Sources */,
				BDEB30722C871B7900A72228 /* OrderView.swift in Sources */,
			);
			runOnlyForDeploymentPostprocessing = 0;
		};
/* End PBXSourcesBuildPhase section */

/* Begin XCBuildConfiguration section */
		BDEB30682C871A5600A72228 /* Debug */ = {
			isa = XCBuildConfiguration;
			buildSettings = {
				ALWAYS_SEARCH_USER_PATHS = NO;
				ASSETCATALOG_COMPILER_GENERATE_SWIFT_ASSET_SYMBOL_EXTENSIONS = YES;
				CLANG_ANALYZER_NONNULL = YES;
				CLANG_ANALYZER_NUMBER_OBJECT_CONVERSION = YES_AGGRESSIVE;
				CLANG_CXX_LANGUAGE_STANDARD = "gnu++20";
				CLANG_ENABLE_MODULES = YES;
				CLANG_ENABLE_OBJC_ARC = YES;
				CLANG_ENABLE_OBJC_WEAK = YES;
				CLANG_WARN_BLOCK_CAPTURE_AUTORELEASING = YES;
				CLANG_WARN_BOOL_CONVERSION = YES;
				CLANG_WARN_COMMA = YES;
				CLANG_WARN_CONSTANT_CONVERSION = YES;
				CLANG_WARN_DEPRECATED_OBJC_IMPLEMENTATIONS = YES;
				CLANG_WARN_DIRECT_OBJC_ISA_USAGE = YES_ERROR;
				CLANG_WARN_DOCUMENTATION_COMMENTS = YES;
				CLANG_WARN_EMPTY_BODY = YES;
				CLANG_WARN_ENUM_CONVERSION = YES;
				CLANG_WARN_INFINITE_RECURSION = YES;
				CLANG_WARN_INT_CONVERSION = YES;
				CLANG_WARN_NON_LITERAL_NULL_CONVERSION = YES;
				CLANG_WARN_OBJC_IMPLICIT_RETAIN_SELF = YES;
				CLANG_WARN_OBJC_LITERAL_CONVERSION = YES;
				CLANG_WARN_OBJC_ROOT_CLASS = YES_ERROR;
				CLANG_WARN_QUOTED_INCLUDE_IN_FRAMEWORK_HEADER = YES;
				CLANG_WARN_RANGE_LOOP_ANALYSIS = YES;
				CLANG_WARN_STRICT_PROTOTYPES = YES;
				CLANG_WARN_SUSPICIOUS_MOVE = YES;
				CLANG_WARN_UNGUARDED_AVAILABILITY = YES_AGGRESSIVE;
				CLANG_WARN_UNREACHABLE_CODE = YES;
				CLANG_WARN__DUPLICATE_METHOD_MATCH = YES;
				COPY_PHASE_STRIP = NO;
				DEBUG_INFORMATION_FORMAT = dwarf;
				ENABLE_STRICT_OBJC_MSGSEND = YES;
				ENABLE_TESTABILITY = YES;
				ENABLE_USER_SCRIPT_SANDBOXING = YES;
				GCC_C_LANGUAGE_STANDARD = gnu17;
				GCC_DYNAMIC_NO_PIC = NO;
				GCC_NO_COMMON_BLOCKS = YES;
				GCC_OPTIMIZATION_LEVEL = 0;
				GCC_PREPROCESSOR_DEFINITIONS = (
					"DEBUG=1",
					"$(inherited)",
				);
				GCC_WARN_64_TO_32_BIT_CONVERSION = YES;
				GCC_WARN_ABOUT_RETURN_TYPE = YES_ERROR;
				GCC_WARN_UNDECLARED_SELECTOR = YES;
				GCC_WARN_UNINITIALIZED_AUTOS = YES_AGGRESSIVE;
				GCC_WARN_UNUSED_FUNCTION = YES;
				GCC_WARN_UNUSED_VARIABLE = YES;
				IPHONEOS_DEPLOYMENT_TARGET = 17.5;
				LOCALIZATION_PREFERS_STRING_CATALOGS = YES;
				MTL_ENABLE_DEBUG_INFO = INCLUDE_SOURCE;
				MTL_FAST_MATH = YES;
				ONLY_ACTIVE_ARCH = YES;
				SDKROOT = iphoneos;
				SWIFT_ACTIVE_COMPILATION_CONDITIONS = "DEBUG $(inherited)";
				SWIFT_OPTIMIZATION_LEVEL = "-Onone";
			};
			name = Debug;
		};
		BDEB30692C871A5600A72228 /* Release */ = {
			isa = XCBuildConfiguration;
			buildSettings = {
				ALWAYS_SEARCH_USER_PATHS = NO;
				ASSETCATALOG_COMPILER_GENERATE_SWIFT_ASSET_SYMBOL_EXTENSIONS = YES;
				CLANG_ANALYZER_NONNULL = YES;
				CLANG_ANALYZER_NUMBER_OBJECT_CONVERSION = YES_AGGRESSIVE;
				CLANG_CXX_LANGUAGE_STANDARD = "gnu++20";
				CLANG_ENABLE_MODULES = YES;
				CLANG_ENABLE_OBJC_ARC = YES;
				CLANG_ENABLE_OBJC_WEAK = YES;
				CLANG_WARN_BLOCK_CAPTURE_AUTORELEASING = YES;
				CLANG_WARN_BOOL_CONVERSION = YES;
				CLANG_WARN_COMMA = YES;
				CLANG_WARN_CONSTANT_CONVERSION = YES;
				CLANG_WARN_DEPRECATED_OBJC_IMPLEMENTATIONS = YES;
				CLANG_WARN_DIRECT_OBJC_ISA_USAGE = YES_ERROR;
				CLANG_WARN_DOCUMENTATION_COMMENTS = YES;
				CLANG_WARN_EMPTY_BODY = YES;
				CLANG_WARN_ENUM_CONVERSION = YES;
				CLANG_WARN_INFINITE_RECURSION = YES;
				CLANG_WARN_INT_CONVERSION = YES;
				CLANG_WARN_NON_LITERAL_NULL_CONVERSION = YES;
				CLANG_WARN_OBJC_IMPLICIT_RETAIN_SELF = YES;
				CLANG_WARN_OBJC_LITERAL_CONVERSION = YES;
				CLANG_WARN_OBJC_ROOT_CLASS = YES_ERROR;
				CLANG_WARN_QUOTED_INCLUDE_IN_FRAMEWORK_HEADER = YES;
				CLANG_WARN_RANGE_LOOP_ANALYSIS = YES;
				CLANG_WARN_STRICT_PROTOTYPES = YES;
				CLANG_WARN_SUSPICIOUS_MOVE = YES;
				CLANG_WARN_UNGUARDED_AVAILABILITY = YES_AGGRESSIVE;
				CLANG_WARN_UNREACHABLE_CODE = YES;
				CLANG_WARN__DUPLICATE_METHOD_MATCH = YES;
				COPY_PHASE_STRIP = NO;
				DEBUG_INFORMATION_FORMAT = "dwarf-with-dsym";
				ENABLE_NS_ASSERTIONS = NO;
				ENABLE_STRICT_OBJC_MSGSEND = YES;
				ENABLE_USER_SCRIPT_SANDBOXING = YES;
				GCC_C_LANGUAGE_STANDARD = gnu17;
				GCC_NO_COMMON_BLOCKS = YES;
				GCC_WARN_64_TO_32_BIT_CONVERSION = YES;
				GCC_WARN_ABOUT_RETURN_TYPE = YES_ERROR;
				GCC_WARN_UNDECLARED_SELECTOR = YES;
				GCC_WARN_UNINITIALIZED_AUTOS = YES_AGGRESSIVE;
				GCC_WARN_UNUSED_FUNCTION = YES;
				GCC_WARN_UNUSED_VARIABLE = YES;
				IPHONEOS_DEPLOYMENT_TARGET = 17.5;
				LOCALIZATION_PREFERS_STRING_CATALOGS = YES;
				MTL_ENABLE_DEBUG_INFO = NO;
				MTL_FAST_MATH = YES;
				SDKROOT = iphoneos;
				SWIFT_COMPILATION_MODE = wholemodule;
				VALIDATE_PRODUCT = YES;
			};
			name = Release;
		};
		BDEB306B2C871A5600A72228 /* Debug */ = {
			isa = XCBuildConfiguration;
			buildSettings = {
				ASSETCATALOG_COMPILER_APPICON_NAME = AppIcon;
				ASSETCATALOG_COMPILER_GLOBAL_ACCENT_COLOR_NAME = AccentColor;
				CODE_SIGN_STYLE = Automatic;
				CURRENT_PROJECT_VERSION = 1;
				DEVELOPMENT_ASSET_PATHS = "\"Appetizers/Preview Content\"";
				DEVELOPMENT_TEAM = GMBLGGZ3QS;
				ENABLE_PREVIEWS = YES;
				GENERATE_INFOPLIST_FILE = YES;
				INFOPLIST_KEY_UIApplicationSceneManifest_Generation = YES;
				INFOPLIST_KEY_UIApplicationSupportsIndirectInputEvents = YES;
				INFOPLIST_KEY_UILaunchScreen_Generation = YES;
				INFOPLIST_KEY_UISupportedInterfaceOrientations_iPad = "UIInterfaceOrientationPortrait UIInterfaceOrientationPortraitUpsideDown UIInterfaceOrientationLandscapeLeft UIInterfaceOrientationLandscapeRight";
				INFOPLIST_KEY_UISupportedInterfaceOrientations_iPhone = "UIInterfaceOrientationPortrait UIInterfaceOrientationLandscapeLeft UIInterfaceOrientationLandscapeRight";
				IPHONEOS_DEPLOYMENT_TARGET = 16.0;
				LD_RUNPATH_SEARCH_PATHS = (
					"$(inherited)",
					"@executable_path/Frameworks",
				);
				MARKETING_VERSION = 1.0;
				PRODUCT_BUNDLE_IDENTIFIER = com.codistan.Appetizers;
				PRODUCT_NAME = "$(TARGET_NAME)";
				SWIFT_EMIT_LOC_STRINGS = YES;
				SWIFT_VERSION = 5.0;
				TARGETED_DEVICE_FAMILY = "1,2";
			};
			name = Debug;
		};
		BDEB306C2C871A5600A72228 /* Release */ = {
			isa = XCBuildConfiguration;
			buildSettings = {
				ASSETCATALOG_COMPILER_APPICON_NAME = AppIcon;
				ASSETCATALOG_COMPILER_GLOBAL_ACCENT_COLOR_NAME = AccentColor;
				CODE_SIGN_STYLE = Automatic;
				CURRENT_PROJECT_VERSION = 1;
				DEVELOPMENT_ASSET_PATHS = "\"Appetizers/Preview Content\"";
				DEVELOPMENT_TEAM = GMBLGGZ3QS;
				ENABLE_PREVIEWS = YES;
				GENERATE_INFOPLIST_FILE = YES;
				INFOPLIST_KEY_UIApplicationSceneManifest_Generation = YES;
				INFOPLIST_KEY_UIApplicationSupportsIndirectInputEvents = YES;
				INFOPLIST_KEY_UILaunchScreen_Generation = YES;
				INFOPLIST_KEY_UISupportedInterfaceOrientations_iPad = "UIInterfaceOrientationPortrait UIInterfaceOrientationPortraitUpsideDown UIInterfaceOrientationLandscapeLeft UIInterfaceOrientationLandscapeRight";
				INFOPLIST_KEY_UISupportedInterfaceOrientations_iPhone = "UIInterfaceOrientationPortrait UIInterfaceOrientationLandscapeLeft UIInterfaceOrientationLandscapeRight";
				IPHONEOS_DEPLOYMENT_TARGET = 16.0;
				LD_RUNPATH_SEARCH_PATHS = (
					"$(inherited)",
					"@executable_path/Frameworks",
				);
				MARKETING_VERSION = 1.0;
				PRODUCT_BUNDLE_IDENTIFIER = com.codistan.Appetizers;
				PRODUCT_NAME = "$(TARGET_NAME)";
				SWIFT_EMIT_LOC_STRINGS = YES;
				SWIFT_VERSION = 5.0;
				TARGETED_DEVICE_FAMILY = "1,2";
			};
			name = Release;
		};
/* End XCBuildConfiguration section */

/* Begin XCConfigurationList section */
		BDEB30572C871A5400A72228 /* Build configuration list for PBXProject "Appetizers" */ = {
			isa = XCConfigurationList;
			buildConfigurations = (
				BDEB30682C871A5600A72228 /* Debug */,
				BDEB30692C871A5600A72228 /* Release */,
			);
			defaultConfigurationIsVisible = 0;
			defaultConfigurationName = Release;
		};
		BDEB306A2C871A5600A72228 /* Build configuration list for PBXNativeTarget "Appetizers" */ = {
			isa = XCConfigurationList;
			buildConfigurations = (
				BDEB306B2C871A5600A72228 /* Debug */,
				BDEB306C2C871A5600A72228 /* Release */,
			);
			defaultConfigurationIsVisible = 0;
			defaultConfigurationName = Release;
		};
/* End XCConfigurationList section */
	};
	rootObject = BDEB30542C871A5400A72228 /* Project object */;
}
